format=mahayana-source-lock-v1

[source.codex]
repository=https://github.com/openai/codex.git
license=Apache-2.0
role=compatibility-adapter-and-reference
reviewed_commit=343074d4207d572809bd8cea15f4be1d09d98e0b
reviewed_at=2026-08-22
concepts=strict-approval-outcomes,app-server-threads,unfinished-turn-suspension,sandbox-policy,granular-sandbox-approvals,mcp-connectors,mcp-runtime-status,skills,model-providers
boundary=../codex-rs,mahayana-agent-codex,mahayana-agent-kernel-bridge

[source.grok-build]
repository=https://github.com/xai-org/grok-build.git
license=Apache-2.0
role=design-reference
reviewed_commit=19d42e35c07a9c9244f03f6df0c4c353f970d4f9
reviewed_at=2026-08-22
concepts=objective-oracles,attempt-journal,checkpoint-rewind,managed-worktrees,permission-memory,loop-protection,paused-workflows,subagent-guardrails,headless-acp,hooks-plugins,active-foreign-sessions,session-search,circuit-breaker,goal-queue-steering
boundary=mahayana-owned-clean-contracts

[product.mahayana]
rule=public-contracts-and-state-machines-are-mahayana-owned
vendor_types_allowed=adapter-boundaries-only
legacy_codex_ids=read-compatible-only
canonical_agent_provider=mahayana-agent
canonical_agent_conversation=mahayana-ai:agent:assistant
convergence_pr=1971
